
Microsoft Visual Studio Solution File, Format Version 12.00
# Visual Studio Version 17
VisualStudioVersion = 17.11.35327.3
MinimumVisualStudioVersion = 10.0.40219.1
Project("{FAE04EC0-301F-11D3-BF4B-00C04F79EFBC}") = "FitnesPlan", "FitnesPlan\FitnesPlan.csproj", "{A377F9DF-66A7-4302-918F-562C035182F5}"
EndProject
Global
	GlobalSection(SolutionConfigurationPlatforms) = preSolution
		Debug|Any CPU = Debug|Any CPU
		Release|Any CPU = Release|Any CPU
	EndGlobalSection
	GlobalSection(ProjectConfigurationPlatforms) = postSolution
		{A377F9DF-66A7-4302-918F-562C035182F5}.Debug|Any CPU.ActiveCfg = Debug|Any CPU
		{A377F9DF-66A7-4302-918F-562C035182F5}.Debug|Any CPU.Build.0 = Debug|Any CPU
		{A377F9DF-66A7-4302-918F-562C035182F5}.Release|Any CPU.ActiveCfg = Release|Any CPU
		{A377F9DF-66A7-4302-918F-562C035182F5}.Release|Any CPU.Build.0 = Release|Any CPU
	EndGlobalSection
	GlobalSection(SolutionProperties) = preSolution
		HideSolutionNode = FALSE
	EndGlobalSection
	GlobalSection(ExtensibilityGlobals) = postSolution
		SolutionGuid = {EAEE7A88-C371-487D-B85A-DCAC0F76C73F}
	EndGlobalSection
EndGlobal
